hash: f941c30d338ca01bf1e08d31d9a1ce3d52d325688eb7f77bee825ddae49be597
updated: 2016-10-24T19:28:13.95156857Z
imports:
- name: github.com/apex/log
  version: 4ea85e918cc8389903d5f12d7ccac5c23ab7d89b
  subpackages:
  - handlers/text
- name: github.com/jszwedko/go-circleci
  version: 615d5d968cf4898a0f6e1cd10e3feac77e3c5090
testImports: []
